
Microsoft Visual Studio Solution File, Format Version 12.00
# Visual Studio Version 16
VisualStudioVersion = 16.0.30621.155
MinimumVisualStudioVersion = 10.0.40219.1
Project("{FAE04EC0-301F-11D3-BF4B-00C04F79EFBC}") = "LCGoLOverlayInjector", "LCGoLOverlayInjector\LCGoLOverlayInjector.csproj", "{7E5978D0-FDC7-4F1E-BFF6-CD2DB19BD426}"
EndProject
Project("{FAE04EC0-301F-11D3-BF4B-00C04F79EFBC}") = "LCGoLSpeedrunOverlay", "LCGoLSpeedrunOverlay\LCGoLSpeedrunOverlay.csproj", "{5CA6296F-18F3-4446-B413-336C7D3108EF}"
EndProject
Global
	GlobalSection(SolutionConfigurationPlatforms) = preSolution
		Debug|Any CPU = Debug|Any CPU
		Release|Any CPU = Release|Any CPU
	EndGlobalSection
	GlobalSection(ProjectConfigurationPlatforms) = postSolution
		{7E5978D0-FDC7-4F1E-BFF6-CD2DB19BD426}.Debug|Any CPU.ActiveCfg = Debug|Any CPU
		{7E5978D0-FDC7-4F1E-BFF6-CD2DB19BD426}.Debug|Any CPU.Build.0 = Debug|Any CPU
		{7E5978D0-FDC7-4F1E-BFF6-CD2DB19BD426}.Release|Any CPU.ActiveCfg = Release|Any CPU
		{7E5978D0-FDC7-4F1E-BFF6-CD2DB19BD426}.Release|Any CPU.Build.0 = Release|Any CPU
		{5CA6296F-18F3-4446-B413-336C7D3108EF}.Debug|Any CPU.ActiveCfg = Debug|Any CPU
		{5CA6296F-18F3-4446-B413-336C7D3108EF}.Debug|Any CPU.Build.0 = Debug|Any CPU
		{5CA6296F-18F3-4446-B413-336C7D3108EF}.Release|Any CPU.ActiveCfg = Release|Any CPU
		{5CA6296F-18F3-4446-B413-336C7D3108EF}.Release|Any CPU.Build.0 = Release|Any CPU
	EndGlobalSection
	GlobalSection(SolutionProperties) = preSolution
		HideSolutionNode = FALSE
	EndGlobalSection
	GlobalSection(ExtensibilityGlobals) = postSolution
		SolutionGuid = {3892CCB3-6978-4129-A7E6-239E50FCB7F2}
	EndGlobalSection
EndGlobal
